<?xml version="1.0" encoding="utf-8"?>
<Project ToolsVersion="4.0" xmlns="http://schemas.microsoft.com/developer/msbuild/2003">
  <ItemGroup>
    <Filter Include="소스 파일">
      <UniqueIdentifier>{4FC737F1-C7A5-4376-A066-2A32D752A2FF}</UniqueIdentifier>
      <Extensions>cpp;c;cc;cxx;def;odl;idl;hpj;bat;asm;asmx</Extensions>
    </Filter>
    <Filter Include="헤더 파일">
      <UniqueIdentifier>{93995380-89BD-4b04-88EB-625FBE52EBFB}</UniqueIdentifier>
      <Extensions>h;hh;hpp;hxx;hm;inl;inc;ipp;xsd</Extensions>
    </Filter>
    <Filter Include="리소스 파일">
      <UniqueIdentifier>{67DA6AB6-F800-4c08-8B7A-83BB121AAD01}</UniqueIdentifier>
      <Extensions>rc;ico;cur;bmp;dlg;rc2;rct;bin;rgs;gif;jpg;jpeg;jpe;resx;tiff;tif;png;wav;mfcribbon-ms</Extensions>
    </Filter>
    <Filter Include="소스 파일\00.MainApp">
      <UniqueIdentifier>{4abe55fa-5aa3-4f3b-afb5-9796a4119728}</UniqueIdentifier>
    </Filter>
    <Filter Include="소스 파일\03. Memo">
      <UniqueIdentifier>{b68fc058-b18f-4050-a506-34b1b3011faa}</UniqueIdentifier>
    </Filter>
    <Filter Include="소스 파일\02. Calculator2">
      <UniqueIdentifier>{29f234a3-683e-4cdc-96ba-52212bdd134d}</UniqueIdentifier>
    </Filter>
    <Filter Include="소스 파일\01. Calculator1">
      <UniqueIdentifier>{1a45d943-1d80-41e4-be66-b352f9857a67}</UniqueIdentifier>
    </Filter>
  </ItemGroup>
  <ItemGroup>
    <ClCompile Include="StockCalculator.cpp">
      <Filter>소스 파일</Filter>
    </ClCompile>
    <ClCompile Include="MainApp.cpp">
      <Filter>소스 파일\00.MainApp</Filter>
    </ClCompile>
    <ClCompile Include="CBasic_CompoundInterest.cpp">
      <Filter>소스 파일\01. Calculator1</Filter>
    </ClCompile>
  </ItemGroup>
  <ItemGroup>
    <ClInclude Include="MainApp.h">
      <Filter>소스 파일\00.MainApp</Filter>
    </ClInclude>
    <ClInclude Include="TotalInclude.h">
      <Filter>헤더 파일</Filter>
    </ClInclude>
    <ClInclude Include="Function.h">
      <Filter>헤더 파일</Filter>
    </ClInclude>
    <ClInclude Include="Typedef.h">
      <Filter>헤더 파일</Filter>
    </ClInclude>
    <ClInclude Include="Define.h">
      <Filter>헤더 파일</Filter>
    </ClInclude>
    <ClInclude Include="Extern.h">
      <Filter>헤더 파일</Filter>
    </ClInclude>
    <ClInclude Include="CBasic_CompoundInterest.h">
      <Filter>소스 파일\01. Calculator1</Filter>
    </ClInclude>
  </ItemGroup>
</Project>